// !$*UTF8*$!
{
	archiveVersion = 1;
	classes = {
	};
	objectVersion = 50;
	objects = {

/* Begin PBXBuildFile section */
		AF64955D35C9ADDD3799DE8A /* Pods_InspireExample.framework in Frameworks */ = {isa = PBXBuildFile; fileRef = A072C416D679CB787EE4E2E4 /* Pods_InspireExample.framework */; };
		CD07B9952249BFCD00C8698C /* AppDelegate.swift in Sources */ = {isa = PBXBuildFile; fileRef = CD07B9942249BFCD00C8698C /* AppDelegate.swift */; };
		CD07B9972249BFCD00C8698C /* ViewController.swift in Sources */ = {isa = PBXBuildFile; fileRef = CD07B9962249BFCD00C8698C /* ViewController.swift */; };
		CD07B99A2249BFCD00C8698C /* Main.storyboard in Resources */ = {isa = PBXBuildFile; fileRef = CD07B9982249BFCD00C8698C /* Main.storyboard */; };
		CD07B99C2249BFCE00C8698C /* Assets.xcassets in Resources */ = {isa = PBXBuildFile; fileRef = CD07B99B2249BFCE00C8698C /* Assets.xcassets */; };
		CD07B99F2249BFCE00C8698C /* LaunchScreen.storyboard in Resources */ = {isa = PBXBuildFile; fileRef = CD07B99D2249BFCE00C8698C /* LaunchScreen.storyboard */; };
		CD07B9A72249C0CB00C8698C /* MyInspire.swift in Sources */ = {isa = PBXBuildFile; fileRef = CD07B9A62249C0CB00C8698C /* MyInspire.swift */; };
		CD9806E8224A0EDF00222E7F /* theme.json in Resources */ = {isa = PBXBuildFile; fileRef = CD9806E7224A0EDF00222E7F /* theme.json */; };
/* End PBXBuildFile section */

/* Begin PBXFileReference section */
		0A11C8B29F66A6D9223A942A /* Pods-InspireExample.release.xcconfig */ = {isa = PBXFileReference; includeInIndex = 1; lastKnownFileType = text.xcconfig; name = "Pods-InspireExample.release.xcconfig"; path = "Pods/Target Support Files/Pods-InspireExample/Pods-InspireExample.release.xcconfig"; sourceTree = "<group>"; };
		4781A25FB6D0DD115884128C /* Pods-InspireExample.debug.xcconfig */ = {isa = PBXFileReference; includeInIndex = 1; lastKnownFileType = text.xcconfig; name = "Pods-InspireExample.debug.xcconfig"; path = "Pods/Target Support Files/Pods-InspireExample/Pods-InspireExample.debug.xcconfig"; sourceTree = "<group>"; };
		A072C416D679CB787EE4E2E4 /* Pods_InspireExample.framework */ = {isa = PBXFileReference; explicitFileType = wrapper.framework; includeInIndex = 0; path = Pods_InspireExample.framework; sourceTree = BUILT_PRODUCTS_DIR; };
		CD07B9912249BFCD00C8698C /* InspireExample.app */ = {isa = PBXFileReference; explicitFileType = wrapper.application; includeInIndex = 0; path = InspireExample.app; sourceTree = BUILT_PRODUCTS_DIR; };
		CD07B9942249BFCD00C8698C /* AppDelegate.swift */ = {isa = PBXFileReference; lastKnownFileType = sourcecode.swift; path = AppDelegate.swift; sourceTree = "<group>"; };
		CD07B9962249BFCD00C8698C /* ViewController.swift */ = {isa = PBXFileReference; lastKnownFileType = sourcecode.swift; path = ViewController.swift; sourceTree = "<group>"; };
		CD07B9992249BFCD00C8698C /* Base */ = {isa = PBXFileReference; lastKnownFileType = file.storyboard; name = Base; path = Base.lproj/Main.storyboard; sourceTree = "<group>"; };
		CD07B99B2249BFCE00C8698C /* Assets.xcassets */ = {isa = PBXFileReference; lastKnownFileType = folder.assetcatalog; path = Assets.xcassets; sourceTree = "<group>"; };
		CD07B99E2249BFCE00C8698C /* Base */ = {isa = PBXFileReference; lastKnownFileType = file.storyboard; name = Base; path = Base.lproj/LaunchScreen.storyboard; sourceTree = "<group>"; };
		CD07B9A02249BFCE00C8698C /* Info.plist */ = {isa = PBXFileReference; lastKnownFileType = text.plist.xml; path = Info.plist; sourceTree = "<group>"; };
		CD07B9A62249C0CB00C8698C /* MyInspire.swift */ = {isa = PBXFileReference; lastKnownFileType = sourcecode.swift; path = MyInspire.swift; sourceTree = "<group>"; };
		CD9806E7224A0EDF00222E7F /* theme.json */ = {isa = PBXFileReference; fileEncoding = 4; lastKnownFileType = text.json; path = theme.json; sourceTree = "<group>"; };
/* End PBXFileReference section */

/* Begin PBXFrameworksBuildPhase section */
		CD07B98E2249BFCD00C8698C /* Frameworks */ = {
			isa = PBXFrameworksBuildPhase;
			buildActionMask = 2147483647;
			files = (
				AF64955D35C9ADDD3799DE8A /* Pods_InspireExample.framework in Frameworks */,
			);
			runOnlyForDeploymentPostprocessing = 0;
		};
/* End PBXFrameworksBuildPhase section */

/* Begin PBXGroup section */
		1D03E566AAAE0F605D3D0E26 /* Frameworks */ = {
			isa = PBXGroup;
			children = (
				A072C416D679CB787EE4E2E4 /* Pods_InspireExample.framework */,
			);
			name = Frameworks;
			sourceTree = "<group>";
		};
		9F763634545570F49D8BBBC0 /* Pods */ = {
			isa = PBXGroup;
			children = (
				4781A25FB6D0DD115884128C /* Pods-InspireExample.debug.xcconfig */,
				0A11C8B29F66A6D9223A942A /* Pods-InspireExample.release.xcconfig */,
			);
			name = Pods;
			sourceTree = "<group>";
		};
		CD07B9882249BFCD00C8698C = {
			isa = PBXGroup;
			children = (
				CD07B9932249BFCD00C8698C /* InspireExample */,
				CD07B9922249BFCD00C8698C /* Products */,
				9F763634545570F49D8BBBC0 /* Pods */,
				1D03E566AAAE0F605D3D0E26 /* Frameworks */,
			);
			sourceTree = "<group>";
		};
		CD07B9922249BFCD00C8698C /* Products */ = {
			isa = PBXGroup;
			children = (
				CD07B9912249BFCD00C8698C /* InspireExample.app */,
			);
			name = Products;
			sourceTree = "<group>";
		};
		CD07B9932249BFCD00C8698C /* InspireExample */ = {
			isa = PBXGroup;
			children = (
				CD07B9942249BFCD00C8698C /* AppDelegate.swift */,
				CD07B9962249BFCD00C8698C /* ViewController.swift */,
				CD07B9A62249C0CB00C8698C /* MyInspire.swift */,
				CD9806E7224A0EDF00222E7F /* theme.json */,
				CD07B9982249BFCD00C8698C /* Main.storyboard */,
				CD07B99B2249BFCE00C8698C /* Assets.xcassets */,
				CD07B99D2249BFCE00C8698C /* LaunchScreen.storyboard */,
				CD07B9A02249BFCE00C8698C /* Info.plist */,
			);
			path = InspireExample;
			sourceTree = "<group>";
		};
/* End PBXGroup section */

/* Begin PBXNativeTarget section */
		CD07B9902249BFCD00C8698C /* InspireExample */ = {
			isa = PBXNativeTarget;
			buildConfigurationList = CD07B9A32249BFCE00C8698C /* Build configuration list for PBXNativeTarget "InspireExample" */;
			buildPhases = (
				980FCC8E6607B7FAF6CA5E25 /* [CP] Check Pods Manifest.lock */,
				CD07B98D2249BFCD00C8698C /* Sources */,
				CD07B98E2249BFCD00C8698C /* Frameworks */,
				CD07B98F2249BFCD00C8698C /* Resources */,
				462C1091716C2F87A98FB37B /* [CP] Embed Pods Frameworks */,
				118393BD4E9B0F2D0814662F /* [CP] Copy Pods Resources */,
			);
			buildRules = (
			);
			dependencies = (
			);
			name = InspireExample;
			productName = InspireExample;
			productReference = CD07B9912249BFCD00C8698C /* InspireExample.app */;
			productType = "com.apple.product-type.application";
		};
/* End PBXNativeTarget section */

/* Begin PBXProject section */
		CD07B9892249BFCD00C8698C /* Project object */ = {
			isa = PBXProject;
			attributes = {
				LastSwiftUpdateCheck = 1010;
				LastUpgradeCheck = 1010;
				ORGANIZATIONNAME = "Titan Studio";
				TargetAttributes = {
					CD07B9902249BFCD00C8698C = {
						CreatedOnToolsVersion = 10.1;
					};
				};
			};
			buildConfigurationList = CD07B98C2249BFCD00C8698C /* Build configuration list for PBXProject "InspireExample" */;
			compatibilityVersion = "Xcode 9.3";
			developmentRegion = en;
			hasScannedForEncodings = 0;
			knownRegions = (
				en,
				Base,
			);
			mainGroup = CD07B9882249BFCD00C8698C;
			productRefGroup = CD07B9922249BFCD00C8698C /* Products */;
			projectDirPath = "";
			projectRoot = "";
			targets = (
				CD07B9902249BFCD00C8698C /* InspireExample */,
			);
		};
/* End PBXProject section */

/* Begin PBXResourcesBuildPhase section */
		CD07B98F2249BFCD00C8698C /* Resources */ = {
			isa = PBXResourcesBuildPhase;
			buildActionMask = 2147483647;
			files = (
				CD07B99F2249BFCE00C8698C /* LaunchScreen.storyboard in Resources */,
				CD9806E8224A0EDF00222E7F /* theme.json in Resources */,
				CD07B99C2249BFCE00C8698C /* Assets.xcassets in Resources */,
				CD07B99A2249BFCD00C8698C /* Main.storyboard in Resources */,
			);
			runOnlyForDeploymentPostprocessing = 0;
		};
/* End PBXResourcesBuildPhase section */

/* Begin PBXShellScriptBuildPhase section */
		118393BD4E9B0F2D0814662F /* [CP] Copy Pods Resources */ = {
			isa = PBXShellScriptBuildPhase;
			buildActionMask = 2147483647;
			files = (
			);
			inputFileListPaths = (
			);
			inputPaths = (
			);
			name = "[CP] Copy Pods Resources";
			outputFileListPaths = (
			);
			outputPaths = (
			);
			runOnlyForDeploymentPostprocessing = 0;
			shellPath = /bin/sh;
			shellScript = "\"${SRCROOT}/Pods/Target Support Files/Pods-InspireExample/Pods-InspireExample-resources.sh\"\n";
			showEnvVarsInLog = 0;
		};
		462C1091716C2F87A98FB37B /* [CP] Embed Pods Frameworks */ = {
			isa = PBXShellScriptBuildPhase;
			buildActionMask = 2147483647;
			files = (
			);
			inputFileListPaths = (
			);
			inputPaths = (
				"${SRCROOT}/Pods/Target Support Files/Pods-InspireExample/Pods-InspireExample-frameworks.sh",
				"${BUILT_PRODUCTS_DIR}/AXKit/AXKit.framework",
				"${BUILT_PRODUCTS_DIR}/Inspire/Inspire.framework",
			);
			name = "[CP] Embed Pods Frameworks";
			outputFileListPaths = (
			);
			outputPaths = (
				"${TARGET_BUILD_DIR}/${FRAMEWORKS_FOLDER_PATH}/AXKit.framework",
				"${TARGET_BUILD_DIR}/${FRAMEWORKS_FOLDER_PATH}/Inspire.framework",
			);
			runOnlyForDeploymentPostprocessing = 0;
			shellPath = /bin/sh;
			shellScript = "\"${SRCROOT}/Pods/Target Support Files/Pods-InspireExample/Pods-InspireExample-frameworks.sh\"\n";
			showEnvVarsInLog = 0;
		};
		980FCC8E6607B7FAF6CA5E25 /* [CP] Check Pods Manifest.lock */ = {
			isa = PBXShellScriptBuildPhase;
			buildActionMask = 2147483647;
			files = (
			);
			inputFileListPaths = (
			);
			inputPaths = (
				"${PODS_PODFILE_DIR_PATH}/Podfile.lock",
				"${PODS_ROOT}/Manifest.lock",
			);
			name = "[CP] Check Pods Manifest.lock";
			outputFileListPaths = (
			);
			outputPaths = (
				"$(DERIVED_FILE_DIR)/Pods-InspireExample-checkManifestLockResult.txt",
			);
			runOnlyForDeploymentPostprocessing = 0;
			shellPath = /bin/sh;
			shellScript = "diff \"${PODS_PODFILE_DIR_PATH}/Podfile.lock\" \"${PODS_ROOT}/Manifest.lock\" > /dev/null\nif [ $? != 0 ] ; then\n    # print error to STDERR\n    echo \"error: The sandbox is not in sync with the Podfile.lock. Run 'pod install' or update your CocoaPods installation.\" >&2\n    exit 1\nfi\n# This output is used by Xcode 'outputs' to avoid re-running this script phase.\necho \"SUCCESS\" > \"${SCRIPT_OUTPUT_FILE_0}\"\n";
			showEnvVarsInLog = 0;
		};
/* End PBXShellScriptBuildPhase section */

/* Begin PBXSourcesBuildPhase section */
		CD07B98D2249BFCD00C8698C /* Sources */ = {
			isa = PBXSourcesBuildPhase;
			buildActionMask = 2147483647;
			files = (
				CD07B9972249BFCD00C8698C /* ViewController.swift in Sources */,
				CD07B9A72249C0CB00C8698C /* MyInspire.swift in Sources */,
				CD07B9952249BFCD00C8698C /* AppDelegate.swift in Sources */,
			);
			runOnlyForDeploymentPostprocessing = 0;
		};
/* End PBXSourcesBuildPhase section */

/* Begin PBXVariantGroup section */
		CD07B9982249BFCD00C8698C /* Main.storyboard */ = {
			isa = PBXVariantGroup;
			children = (
				CD07B9992249BFCD00C8698C /* Base */,
			);
			name = Main.storyboard;
			sourceTree = "<group>";
		};
		CD07B99D2249BFCE00C8698C /* LaunchScreen.storyboard */ = {
			isa = PBXVariantGroup;
			children = (
				CD07B99E2249BFCE00C8698C /* Base */,
			);
			name = LaunchScreen.storyboard;
			sourceTree = "<group>";
		};
/* End PBXVariantGroup section */

/* Begin XCBuildConfiguration section */
		CD07B9A12249BFCE00C8698C /* Debug */ = {
			isa = XCBuildConfiguration;
			buildSettings = {
				ALWAYS_SEARCH_USER_PATHS = NO;
				CLANG_ANALYZER_NONNULL = YES;
				CLANG_ANALYZER_NUMBER_OBJECT_CONVERSION = YES_AGGRESSIVE;
				CLANG_CXX_LANGUAGE_STANDARD = "gnu++14";
				CLANG_CXX_LIBRARY = "libc++";
				CLANG_ENABLE_MODULES = YES;
				CLANG_ENABLE_OBJC_ARC = YES;
				CLANG_ENABLE_OBJC_WEAK = YES;
				CLANG_WARN_BLOCK_CAPTURE_AUTORELEASING = YES;
				CLANG_WARN_BOOL_CONVERSION = YES;
				CLANG_WARN_COMMA = YES;
				CLANG_WARN_CONSTANT_CONVERSION = YES;
				CLANG_WARN_DEPRECATED_OBJC_IMPLEMENTATIONS = YES;
				CLANG_WARN_DIRECT_OBJC_ISA_USAGE = YES_ERROR;
				CLANG_WARN_DOCUMENTATION_COMMENTS = YES;
				CLANG_WARN_EMPTY_BODY = YES;
				CLANG_WARN_ENUM_CONVERSION = YES;
				CLANG_WARN_INFINITE_RECURSION = YES;
				CLANG_WARN_INT_CONVERSION = YES;
				CLANG_WARN_NON_LITERAL_NULL_CONVERSION = YES;
				CLANG_WARN_OBJC_IMPLICIT_RETAIN_SELF = YES;
				CLANG_WARN_OBJC_LITERAL_CONVERSION = YES;
				CLANG_WARN_OBJC_ROOT_CLASS = YES_ERROR;
				CLANG_WARN_RANGE_LOOP_ANALYSIS = YES;
				CLANG_WARN_STRICT_PROTOTYPES = YES;
				CLANG_WARN_SUSPICIOUS_MOVE = YES;
				CLANG_WARN_UNGUARDED_AVAILABILITY = YES_AGGRESSIVE;
				CLANG_WARN_UNREACHABLE_CODE = YES;
				CLANG_WARN__DUPLICATE_METHOD_MATCH = YES;
				CODE_SIGN_IDENTITY = "iPhone Developer";
				COPY_PHASE_STRIP = NO;
				DEBUG_INFORMATION_FORMAT = dwarf;
				ENABLE_STRICT_OBJC_MSGSEND = YES;
				ENABLE_TESTABILITY = YES;
				GCC_C_LANGUAGE_STANDARD = gnu11;
				GCC_DYNAMIC_NO_PIC = NO;
				GCC_NO_COMMON_BLOCKS = YES;
				GCC_OPTIMIZATION_LEVEL = 0;
				GCC_PREPROCESSOR_DEFINITIONS = (
					"DEBUG=1",
					"$(inherited)",
				);
				GCC_WARN_64_TO_32_BIT_CONVERSION = YES;
				GCC_WARN_ABOUT_RETURN_TYPE = YES_ERROR;
				GCC_WARN_UNDECLARED_SELECTOR = YES;
				GCC_WARN_UNINITIALIZED_AUTOS = YES_AGGRESSIVE;
				GCC_WARN_UNUSED_FUNCTION = YES;
				GCC_WARN_UNUSED_VARIABLE = YES;
				IPHONEOS_DEPLOYMENT_TARGET = 9.0;
				MTL_ENABLE_DEBUG_INFO = INCLUDE_SOURCE;
				MTL_FAST_MATH = YES;
				ONLY_ACTIVE_ARCH = YES;
				SDKROOT = iphoneos;
				SWIFT_ACTIVE_COMPILATION_CONDITIONS = DEBUG;
				SWIFT_OPTIMIZATION_LEVEL = "-Onone";
			};
			name = Debug;
		};
		CD07B9A22249BFCE00C8698C /* Release */ = {
			isa = XCBuildConfiguration;
			buildSettings = {
				ALWAYS_SEARCH_USER_PATHS = NO;
				CLANG_ANALYZER_NONNULL = YES;
				CLANG_ANALYZER_NUMBER_OBJECT_CONVERSION = YES_AGGRESSIVE;
				CLANG_CXX_LANGUAGE_STANDARD = "gnu++14";
				CLANG_CXX_LIBRARY = "libc++";
				CLANG_ENABLE_MODULES = YES;
				CLANG_ENABLE_OBJC_ARC = YES;
				CLANG_ENABLE_OBJC_WEAK = YES;
				CLANG_WARN_BLOCK_CAPTURE_AUTORELEASING = YES;
				CLANG_WARN_BOOL_CONVERSION = YES;
				CLANG_WARN_COMMA = YES;
				CLANG_WARN_CONSTANT_CONVERSION = YES;
				CLANG_WARN_DEPRECATED_OBJC_IMPLEMENTATIONS = YES;
				CLANG_WARN_DIRECT_OBJC_ISA_USAGE = YES_ERROR;
				CLANG_WARN_DOCUMENTATION_COMMENTS = YES;
				CLANG_WARN_EMPTY_BODY = YES;
				CLANG_WARN_ENUM_CONVERSION = YES;
				CLANG_WARN_INFINITE_RECURSION = YES;
				CLANG_WARN_INT_CONVERSION = YES;
				CLANG_WARN_NON_LITERAL_NULL_CONVERSION = YES;
				CLANG_WARN_OBJC_IMPLICIT_RETAIN_SELF = YES;
				CLANG_WARN_OBJC_LITERAL_CONVERSION = YES;
				CLANG_WARN_OBJC_ROOT_CLASS = YES_ERROR;
				CLANG_WARN_RANGE_LOOP_ANALYSIS = YES;
				CLANG_WARN_STRICT_PROTOTYPES = YES;
				CLANG_WARN_SUSPICIOUS_MOVE = YES;
				CLANG_WARN_UNGUARDED_AVAILABILITY = YES_AGGRESSIVE;
				CLANG_WARN_UNREACHABLE_CODE = YES;
				CLANG_WARN__DUPLICATE_METHOD_MATCH = YES;
				CODE_SIGN_IDENTITY = "iPhone Developer";
				COPY_PHASE_STRIP = NO;
				DEBUG_INFORMATION_FORMAT = "dwarf-with-dsym";
				ENABLE_NS_ASSERTIONS = NO;
				ENABLE_STRICT_OBJC_MSGSEND = YES;
				GCC_C_LANGUAGE_STANDARD = gnu11;
				GCC_NO_COMMON_BLOCKS = YES;
				GCC_WARN_64_TO_32_BIT_CONVERSION = YES;
				GCC_WARN_ABOUT_RETURN_TYPE = YES_ERROR;
				GCC_WARN_UNDECLARED_SELECTOR = YES;
				GCC_WARN_UNINITIALIZED_AUTOS = YES_AGGRESSIVE;
				GCC_WARN_UNUSED_FUNCTION = YES;
				GCC_WARN_UNUSED_VARIABLE = YES;
				IPHONEOS_DEPLOYMENT_TARGET = 9.0;
				MTL_ENABLE_DEBUG_INFO = NO;
				MTL_FAST_MATH = YES;
				SDKROOT = iphoneos;
				SWIFT_COMPILATION_MODE = wholemodule;
				SWIFT_OPTIMIZATION_LEVEL = "-O";
				VALIDATE_PRODUCT = YES;
			};
			name = Release;
		};
		CD07B9A42249BFCE00C8698C /* Debug */ = {
			isa = XCBuildConfiguration;
			baseConfigurationReference = 4781A25FB6D0DD115884128C /* Pods-InspireExample.debug.xcconfig */;
			buildSettings = {
				ASSETCATALOG_COMPILER_APPICON_NAME = AppIcon;
				CODE_SIGN_STYLE = Manual;
				DEVELOPMENT_TEAM = 34W5TB5KD2;
				INFOPLIST_FILE = InspireExample/Info.plist;
				LD_RUNPATH_SEARCH_PATHS = (
					"$(inherited)",
					"@executable_path/Frameworks",
				);
				PRODUCT_BUNDLE_IDENTIFIER = com.xaoxuu.InspireExample;
				PRODUCT_NAME = "$(TARGET_NAME)";
				PROVISIONING_PROFILE_SPECIFIER = "Dev All";
				SWIFT_VERSION = 4.2;
				TARGETED_DEVICE_FAMILY = "1,2";
			};
			name = Debug;
		};
		CD07B9A52249BFCE00C8698C /* Release */ = {
			isa = XCBuildConfiguration;
			baseConfigurationReference = 0A11C8B29F66A6D9223A942A /* Pods-InspireExample.release.xcconfig */;
			buildSettings = {
				ASSETCATALOG_COMPILER_APPICON_NAME = AppIcon;
				CODE_SIGN_STYLE = Manual;
				DEVELOPMENT_TEAM = 34W5TB5KD2;
				INFOPLIST_FILE = InspireExample/Info.plist;
				LD_RUNPATH_SEARCH_PATHS = (
					"$(inherited)",
					"@executable_path/Frameworks",
				);
				PRODUCT_BUNDLE_IDENTIFIER = com.xaoxuu.InspireExample;
				PRODUCT_NAME = "$(TARGET_NAME)";
				PROVISIONING_PROFILE_SPECIFIER = "Dev All";
				SWIFT_VERSION = 4.2;
				TARGETED_DEVICE_FAMILY = "1,2";
			};
			name = Release;
		};
/* End XCBuildConfiguration section */

/* Begin XCConfigurationList section */
		CD07B98C2249BFCD00C8698C /* Build configuration list for PBXProject "InspireExample" */ = {
			isa = XCConfigurationList;
			buildConfigurations = (
				CD07B9A12249BFCE00C8698C /* Debug */,
				CD07B9A22249BFCE00C8698C /* Release */,
			);
			defaultConfigurationIsVisible = 0;
			defaultConfigurationName = Release;
		};
		CD07B9A32249BFCE00C8698C /* Build configuration list for PBXNativeTarget "InspireExample" */ = {
			isa = XCConfigurationList;
			buildConfigurations = (
				CD07B9A42249BFCE00C8698C /* Debug */,
				CD07B9A52249BFCE00C8698C /* Release */,
			);
			defaultConfigurationIsVisible = 0;
			defaultConfigurationName = Release;
		};
/* End XCConfigurationList section */
	};
	rootObject = CD07B9892249BFCD00C8698C /* Project object */;
}
