// !$*UTF8*$!
{
	archiveVersion = 1;
	classes = {
	};
	objectVersion = 55;
	objects = {

/* Begin PBXBuildFile section */
		CD01708928BE506C00E894F6 /* AppDelegate.swift in Sources */ = {isa = PBXBuildFile; fileRef = CD01708828BE506C00E894F6 /* AppDelegate.swift */; };
		CD01708B28BE506C00E894F6 /* SceneDelegate.swift in Sources */ = {isa = PBXBuildFile; fileRef = CD01708A28BE506C00E894F6 /* SceneDelegate.swift */; };
		CD01708D28BE506C00E894F6 /* ViewController.swift in Sources */ = {isa = PBXBuildFile; fileRef = CD01708C28BE506C00E894F6 /* ViewController.swift */; };
		CD01709028BE506C00E894F6 /* Main.storyboard in Resources */ = {isa = PBXBuildFile; fileRef = CD01708E28BE506C00E894F6 /* Main.storyboard */; };
		CD01709228BE506D00E894F6 /* Assets.xcassets in Resources */ = {isa = PBXBuildFile; fileRef = CD01709128BE506D00E894F6 /* Assets.xcassets */; };
		CD01709528BE506D00E894F6 /* LaunchScreen.storyboard in Resources */ = {isa = PBXBuildFile; fileRef = CD01709328BE506D00E894F6 /* LaunchScreen.storyboard */; };
		CD01709F28BE515900E894F6 /* NewVC.swift in Sources */ = {isa = PBXBuildFile; fileRef = CD01709E28BE515900E894F6 /* NewVC.swift */; };
		CD0170A128BE516800E894F6 /* MyInspire.swift in Sources */ = {isa = PBXBuildFile; fileRef = CD0170A028BE516800E894F6 /* MyInspire.swift */; };
		CD0170A328BE518C00E894F6 /* theme.json in Resources */ = {isa = PBXBuildFile; fileRef = CD0170A228BE518C00E894F6 /* theme.json */; };
		CD0170A628BE51E100E894F6 /* Inspire in Frameworks */ = {isa = PBXBuildFile; productRef = CD0170A528BE51E100E894F6 /* Inspire */; };
/* End PBXBuildFile section */

/* Begin PBXFileReference section */
		CD01708528BE506C00E894F6 /* InspireDemo.app */ = {isa = PBXFileReference; explicitFileType = wrapper.application; includeInIndex = 0; path = InspireDemo.app; sourceTree = BUILT_PRODUCTS_DIR; };
		CD01708828BE506C00E894F6 /* AppDelegate.swift */ = {isa = PBXFileReference; lastKnownFileType = sourcecode.swift; path = AppDelegate.swift; sourceTree = "<group>"; };
		CD01708A28BE506C00E894F6 /* SceneDelegate.swift */ = {isa = PBXFileReference; lastKnownFileType = sourcecode.swift; path = SceneDelegate.swift; sourceTree = "<group>"; };
		CD01708C28BE506C00E894F6 /* ViewController.swift */ = {isa = PBXFileReference; lastKnownFileType = sourcecode.swift; path = ViewController.swift; sourceTree = "<group>"; };
		CD01708F28BE506C00E894F6 /* Base */ = {isa = PBXFileReference; lastKnownFileType = file.storyboard; name = Base; path = Base.lproj/Main.storyboard; sourceTree = "<group>"; };
		CD01709128BE506D00E894F6 /* Assets.xcassets */ = {isa = PBXFileReference; lastKnownFileType = folder.assetcatalog; path = Assets.xcassets; sourceTree = "<group>"; };
		CD01709428BE506D00E894F6 /* Base */ = {isa = PBXFileReference; lastKnownFileType = file.storyboard; name = Base; path = Base.lproj/LaunchScreen.storyboard; sourceTree = "<group>"; };
		CD01709628BE506D00E894F6 /* Info.plist */ = {isa = PBXFileReference; lastKnownFileType = text.plist.xml; path = Info.plist; sourceTree = "<group>"; };
		CD01709D28BE50AA00E894F6 /* Inspire */ = {isa = PBXFileReference; lastKnownFileType = wrapper; name = Inspire; path = ..; sourceTree = "<group>"; };
		CD01709E28BE515900E894F6 /* NewVC.swift */ = {isa = PBXFileReference; lastKnownFileType = sourcecode.swift; path = NewVC.swift; sourceTree = "<group>"; };
		CD0170A028BE516800E894F6 /* MyInspire.swift */ = {isa = PBXFileReference; lastKnownFileType = sourcecode.swift; path = MyInspire.swift; sourceTree = "<group>"; };
		CD0170A228BE518C00E894F6 /* theme.json */ = {isa = PBXFileReference; fileEncoding = 4; lastKnownFileType = text.json; path = theme.json; sourceTree = "<group>"; };
/* End PBXFileReference section */

/* Begin PBXFrameworksBuildPhase section */
		CD01708228BE506C00E894F6 /* Frameworks */ = {
			isa = PBXFrameworksBuildPhase;
			buildActionMask = 2147483647;
			files = (
				CD0170A628BE51E100E894F6 /* Inspire in Frameworks */,
			);
			runOnlyForDeploymentPostprocessing = 0;
		};
/* End PBXFrameworksBuildPhase section */

/* Begin PBXGroup section */
		CD01707C28BE506C00E894F6 = {
			isa = PBXGroup;
			children = (
				CD01709C28BE50AA00E894F6 /* Packages */,
				CD01708728BE506C00E894F6 /* InspireDemo */,
				CD01708628BE506C00E894F6 /* Products */,
				CD0170A428BE51E100E894F6 /* Frameworks */,
			);
			sourceTree = "<group>";
		};
		CD01708628BE506C00E894F6 /* Products */ = {
			isa = PBXGroup;
			children = (
				CD01708528BE506C00E894F6 /* InspireDemo.app */,
			);
			name = Products;
			sourceTree = "<group>";
		};
		CD01708728BE506C00E894F6 /* InspireDemo */ = {
			isa = PBXGroup;
			children = (
				CD01708828BE506C00E894F6 /* AppDelegate.swift */,
				CD01708A28BE506C00E894F6 /* SceneDelegate.swift */,
				CD01708C28BE506C00E894F6 /* ViewController.swift */,
				CD01709E28BE515900E894F6 /* NewVC.swift */,
				CD0170A028BE516800E894F6 /* MyInspire.swift */,
				CD0170A228BE518C00E894F6 /* theme.json */,
				CD01708E28BE506C00E894F6 /* Main.storyboard */,
				CD01709128BE506D00E894F6 /* Assets.xcassets */,
				CD01709328BE506D00E894F6 /* LaunchScreen.storyboard */,
				CD01709628BE506D00E894F6 /* Info.plist */,
			);
			path = InspireDemo;
			sourceTree = "<group>";
		};
		CD01709C28BE50AA00E894F6 /* Packages */ = {
			isa = PBXGroup;
			children = (
				CD01709D28BE50AA00E894F6 /* Inspire */,
			);
			name = Packages;
			sourceTree = "<group>";
		};
		CD0170A428BE51E100E894F6 /* Frameworks */ = {
			isa = PBXGroup;
			children = (
			);
			name = Frameworks;
			sourceTree = "<group>";
		};
/* End PBXGroup section */

/* Begin PBXNativeTarget section */
		CD01708428BE506C00E894F6 /* InspireDemo */ = {
			isa = PBXNativeTarget;
			buildConfigurationList = CD01709928BE506D00E894F6 /* Build configuration list for PBXNativeTarget "InspireDemo" */;
			buildPhases = (
				CD01708128BE506C00E894F6 /* Sources */,
				CD01708228BE506C00E894F6 /* Frameworks */,
				CD01708328BE506C00E894F6 /* Resources */,
			);
			buildRules = (
			);
			dependencies = (
			);
			name = InspireDemo;
			packageProductDependencies = (
				CD0170A528BE51E100E894F6 /* Inspire */,
			);
			productName = InspireDemo;
			productReference = CD01708528BE506C00E894F6 /* InspireDemo.app */;
			productType = "com.apple.product-type.application";
		};
/* End PBXNativeTarget section */

/* Begin PBXProject section */
		CD01707D28BE506C00E894F6 /* Project object */ = {
			isa = PBXProject;
			attributes = {
				BuildIndependentTargetsInParallel = 1;
				LastSwiftUpdateCheck = 1340;
				LastUpgradeCheck = 1340;
				TargetAttributes = {
					CD01708428BE506C00E894F6 = {
						CreatedOnToolsVersion = 13.4.1;
					};
				};
			};
			buildConfigurationList = CD01708028BE506C00E894F6 /* Build configuration list for PBXProject "InspireDemo" */;
			compatibilityVersion = "Xcode 13.0";
			developmentRegion = en;
			hasScannedForEncodings = 0;
			knownRegions = (
				en,
				Base,
			);
			mainGroup = CD01707C28BE506C00E894F6;
			productRefGroup = CD01708628BE506C00E894F6 /* Products */;
			projectDirPath = "";
			projectRoot = "";
			targets = (
				CD01708428BE506C00E894F6 /* InspireDemo */,
			);
		};
/* End PBXProject section */

/* Begin PBXResourcesBuildPhase section */
		CD01708328BE506C00E894F6 /* Resources */ = {
			isa = PBXResourcesBuildPhase;
			buildActionMask = 2147483647;
			files = (
				CD01709528BE506D00E894F6 /* LaunchScreen.storyboard in Resources */,
				CD0170A328BE518C00E894F6 /* theme.json in Resources */,
				CD01709228BE506D00E894F6 /* Assets.xcassets in Resources */,
				CD01709028BE506C00E894F6 /* Main.storyboard in Resources */,
			);
			runOnlyForDeploymentPostprocessing = 0;
		};
/* End PBXResourcesBuildPhase section */

/* Begin PBXSourcesBuildPhase section */
		CD01708128BE506C00E894F6 /* Sources */ = {
			isa = PBXSourcesBuildPhase;
			buildActionMask = 2147483647;
			files = (
				CD01708D28BE506C00E894F6 /* ViewController.swift in Sources */,
				CD01709F28BE515900E894F6 /* NewVC.swift in Sources */,
				CD0170A128BE516800E894F6 /* MyInspire.swift in Sources */,
				CD01708928BE506C00E894F6 /* AppDelegate.swift in Sources */,
				CD01708B28BE506C00E894F6 /* SceneDelegate.swift in Sources */,
			);
			runOnlyForDeploymentPostprocessing = 0;
		};
/* End PBXSourcesBuildPhase section */

/* Begin PBXVariantGroup section */
		CD01708E28BE506C00E894F6 /* Main.storyboard */ = {
			isa = PBXVariantGroup;
			children = (
				CD01708F28BE506C00E894F6 /* Base */,
			);
			name = Main.storyboard;
			sourceTree = "<group>";
		};
		CD01709328BE506D00E894F6 /* LaunchScreen.storyboard */ = {
			isa = PBXVariantGroup;
			children = (
				CD01709428BE506D00E894F6 /* Base */,
			);
			name = LaunchScreen.storyboard;
			sourceTree = "<group>";
		};
/* End PBXVariantGroup section */

/* Begin XCBuildConfiguration section */
		CD01709728BE506D00E894F6 /* Debug */ = {
			isa = XCBuildConfiguration;
			buildSettings = {
				ALWAYS_SEARCH_USER_PATHS = NO;
				CLANG_ANALYZER_NONNULL = YES;
				CLANG_ANALYZER_NUMBER_OBJECT_CONVERSION = YES_AGGRESSIVE;
				CLANG_CXX_LANGUAGE_STANDARD = "gnu++17";
				CLANG_ENABLE_MODULES = YES;
				CLANG_ENABLE_OBJC_ARC = YES;
				CLANG_ENABLE_OBJC_WEAK = YES;
				CLANG_WARN_BLOCK_CAPTURE_AUTORELEASING = YES;
				CLANG_WARN_BOOL_CONVERSION = YES;
				CLANG_WARN_COMMA = YES;
				CLANG_WARN_CONSTANT_CONVERSION = YES;
				CLANG_WARN_DEPRECATED_OBJC_IMPLEMENTATIONS = YES;
				CLANG_WARN_DIRECT_OBJC_ISA_USAGE = YES_ERROR;
				CLANG_WARN_DOCUMENTATION_COMMENTS = YES;
				CLANG_WARN_EMPTY_BODY = YES;
				CLANG_WARN_ENUM_CONVERSION = YES;
				CLANG_WARN_INFINITE_RECURSION = YES;
				CLANG_WARN_INT_CONVERSION = YES;
				CLANG_WARN_NON_LITERAL_NULL_CONVERSION = YES;
				CLANG_WARN_OBJC_IMPLICIT_RETAIN_SELF = YES;
				CLANG_WARN_OBJC_LITERAL_CONVERSION = YES;
				CLANG_WARN_OBJC_ROOT_CLASS = YES_ERROR;
				CLANG_WARN_QUOTED_INCLUDE_IN_FRAMEWORK_HEADER = YES;
				CLANG_WARN_RANGE_LOOP_ANALYSIS = YES;
				CLANG_WARN_STRICT_PROTOTYPES = YES;
				CLANG_WARN_SUSPICIOUS_MOVE = YES;
				CLANG_WARN_UNGUARDED_AVAILABILITY = YES_AGGRESSIVE;
				CLANG_WARN_UNREACHABLE_CODE = YES;
				CLANG_WARN__DUPLICATE_METHOD_MATCH = YES;
				COPY_PHASE_STRIP = NO;
				DEBUG_INFORMATION_FORMAT = dwarf;
				ENABLE_STRICT_OBJC_MSGSEND = YES;
				ENABLE_TESTABILITY = YES;
				GCC_C_LANGUAGE_STANDARD = gnu11;
				GCC_DYNAMIC_NO_PIC = NO;
				GCC_NO_COMMON_BLOCKS = YES;
				GCC_OPTIMIZATION_LEVEL = 0;
				GCC_PREPROCESSOR_DEFINITIONS = (
					"DEBUG=1",
					"$(inherited)",
				);
				GCC_WARN_64_TO_32_BIT_CONVERSION = YES;
				GCC_WARN_ABOUT_RETURN_TYPE = YES_ERROR;
				GCC_WARN_UNDECLARED_SELECTOR = YES;
				GCC_WARN_UNINITIALIZED_AUTOS = YES_AGGRESSIVE;
				GCC_WARN_UNUSED_FUNCTION = YES;
				GCC_WARN_UNUSED_VARIABLE = YES;
				IPHONEOS_DEPLOYMENT_TARGET = 13.0;
				MTL_ENABLE_DEBUG_INFO = INCLUDE_SOURCE;
				MTL_FAST_MATH = YES;
				ONLY_ACTIVE_ARCH = YES;
				SDKROOT = iphoneos;
				SWIFT_ACTIVE_COMPILATION_CONDITIONS = DEBUG;
				SWIFT_OPTIMIZATION_LEVEL = "-Onone";
			};
			name = Debug;
		};
		CD01709828BE506D00E894F6 /* Release */ = {
			isa = XCBuildConfiguration;
			buildSettings = {
				ALWAYS_SEARCH_USER_PATHS = NO;
				CLANG_ANALYZER_NONNULL = YES;
				CLANG_ANALYZER_NUMBER_OBJECT_CONVERSION = YES_AGGRESSIVE;
				CLANG_CXX_LANGUAGE_STANDARD = "gnu++17";
				CLANG_ENABLE_MODULES = YES;
				CLANG_ENABLE_OBJC_ARC = YES;
				CLANG_ENABLE_OBJC_WEAK = YES;
				CLANG_WARN_BLOCK_CAPTURE_AUTORELEASING = YES;
				CLANG_WARN_BOOL_CONVERSION = YES;
				CLANG_WARN_COMMA = YES;
				CLANG_WARN_CONSTANT_CONVERSION = YES;
				CLANG_WARN_DEPRECATED_OBJC_IMPLEMENTATIONS = YES;
				CLANG_WARN_DIRECT_OBJC_ISA_USAGE = YES_ERROR;
				CLANG_WARN_DOCUMENTATION_COMMENTS = YES;
				CLANG_WARN_EMPTY_BODY = YES;
				CLANG_WARN_ENUM_CONVERSION = YES;
				CLANG_WARN_INFINITE_RECURSION = YES;
				CLANG_WARN_INT_CONVERSION = YES;
				CLANG_WARN_NON_LITERAL_NULL_CONVERSION = YES;
				CLANG_WARN_OBJC_IMPLICIT_RETAIN_SELF = YES;
				CLANG_WARN_OBJC_LITERAL_CONVERSION = YES;
				CLANG_WARN_OBJC_ROOT_CLASS = YES_ERROR;
				CLANG_WARN_QUOTED_INCLUDE_IN_FRAMEWORK_HEADER = YES;
				CLANG_WARN_RANGE_LOOP_ANALYSIS = YES;
				CLANG_WARN_STRICT_PROTOTYPES = YES;
				CLANG_WARN_SUSPICIOUS_MOVE = YES;
				CLANG_WARN_UNGUARDED_AVAILABILITY = YES_AGGRESSIVE;
				CLANG_WARN_UNREACHABLE_CODE = YES;
				CLANG_WARN__DUPLICATE_METHOD_MATCH = YES;
				COPY_PHASE_STRIP = NO;
				DEBUG_INFORMATION_FORMAT = "dwarf-with-dsym";
				ENABLE_NS_ASSERTIONS = NO;
				ENABLE_STRICT_OBJC_MSGSEND = YES;
				GCC_C_LANGUAGE_STANDARD = gnu11;
				GCC_NO_COMMON_BLOCKS = YES;
				GCC_WARN_64_TO_32_BIT_CONVERSION = YES;
				GCC_WARN_ABOUT_RETURN_TYPE = YES_ERROR;
				GCC_WARN_UNDECLARED_SELECTOR = YES;
				GCC_WARN_UNINITIALIZED_AUTOS = YES_AGGRESSIVE;
				GCC_WARN_UNUSED_FUNCTION = YES;
				GCC_WARN_UNUSED_VARIABLE = YES;
				IPHONEOS_DEPLOYMENT_TARGET = 13.0;
				MTL_ENABLE_DEBUG_INFO = NO;
				MTL_FAST_MATH = YES;
				SDKROOT = iphoneos;
				SWIFT_COMPILATION_MODE = wholemodule;
				SWIFT_OPTIMIZATION_LEVEL = "-O";
				VALIDATE_PRODUCT = YES;
			};
			name = Release;
		};
		CD01709A28BE506D00E894F6 /* Debug */ = {
			isa = XCBuildConfiguration;
			buildSettings = {
				ASSETCATALOG_COMPILER_APPICON_NAME = AppIcon;
				ASSETCATALOG_COMPILER_GLOBAL_ACCENT_COLOR_NAME = AccentColor;
				CODE_SIGN_STYLE = Automatic;
				CURRENT_PROJECT_VERSION = 1;
				DEVELOPMENT_TEAM = DASH6JFSDW;
				GENERATE_INFOPLIST_FILE = YES;
				INFOPLIST_FILE = InspireDemo/Info.plist;
				INFOPLIST_KEY_UIApplicationSupportsIndirectInputEvents = YES;
				INFOPLIST_KEY_UILaunchStoryboardName = LaunchScreen;
				INFOPLIST_KEY_UIMainStoryboardFile = Main;
				INFOPLIST_KEY_UISupportedInterfaceOrientations_iPad = "UIInterfaceOrientationPortrait UIInterfaceOrientationPortraitUpsideDown UIInterfaceOrientationLandscapeLeft UIInterfaceOrientationLandscapeRight";
				INFOPLIST_KEY_UISupportedInterfaceOrientations_iPhone = "UIInterfaceOrientationPortrait UIInterfaceOrientationLandscapeLeft UIInterfaceOrientationLandscapeRight";
				IPHONEOS_DEPLOYMENT_TARGET = 13.0;
				LD_RUNPATH_SEARCH_PATHS = (
					"$(inherited)",
					"@executable_path/Frameworks",
				);
				MARKETING_VERSION = 1.0;
				PRODUCT_BUNDLE_IDENTIFIER = com.xaoxuu.InspireDemo;
				PRODUCT_NAME = "$(TARGET_NAME)";
				SWIFT_EMIT_LOC_STRINGS = YES;
				SWIFT_VERSION = 5.0;
				TARGETED_DEVICE_FAMILY = "1,2";
			};
			name = Debug;
		};
		CD01709B28BE506D00E894F6 /* Release */ = {
			isa = XCBuildConfiguration;
			buildSettings = {
				ASSETCATALOG_COMPILER_APPICON_NAME = AppIcon;
				ASSETCATALOG_COMPILER_GLOBAL_ACCENT_COLOR_NAME = AccentColor;
				CODE_SIGN_STYLE = Automatic;
				CURRENT_PROJECT_VERSION = 1;
				DEVELOPMENT_TEAM = DASH6JFSDW;
				GENERATE_INFOPLIST_FILE = YES;
				INFOPLIST_FILE = InspireDemo/Info.plist;
				INFOPLIST_KEY_UIApplicationSupportsIndirectInputEvents = YES;
				INFOPLIST_KEY_UILaunchStoryboardName = LaunchScreen;
				INFOPLIST_KEY_UIMainStoryboardFile = Main;
				INFOPLIST_KEY_UISupportedInterfaceOrientations_iPad = "UIInterfaceOrientationPortrait UIInterfaceOrientationPortraitUpsideDown UIInterfaceOrientationLandscapeLeft UIInterfaceOrientationLandscapeRight";
				INFOPLIST_KEY_UISupportedInterfaceOrientations_iPhone = "UIInterfaceOrientationPortrait UIInterfaceOrientationLandscapeLeft UIInterfaceOrientationLandscapeRight";
				IPHONEOS_DEPLOYMENT_TARGET = 13.0;
				LD_RUNPATH_SEARCH_PATHS = (
					"$(inherited)",
					"@executable_path/Frameworks",
				);
				MARKETING_VERSION = 1.0;
				PRODUCT_BUNDLE_IDENTIFIER = com.xaoxuu.InspireDemo;
				PRODUCT_NAME = "$(TARGET_NAME)";
				SWIFT_EMIT_LOC_STRINGS = YES;
				SWIFT_VERSION = 5.0;
				TARGETED_DEVICE_FAMILY = "1,2";
			};
			name = Release;
		};
/* End XCBuildConfiguration section */

/* Begin XCConfigurationList section */
		CD01708028BE506C00E894F6 /* Build configuration list for PBXProject "InspireDemo" */ = {
			isa = XCConfigurationList;
			buildConfigurations = (
				CD01709728BE506D00E894F6 /* Debug */,
				CD01709828BE506D00E894F6 /* Release */,
			);
			defaultConfigurationIsVisible = 0;
			defaultConfigurationName = Release;
		};
		CD01709928BE506D00E894F6 /* Build configuration list for PBXNativeTarget "InspireDemo" */ = {
			isa = XCConfigurationList;
			buildConfigurations = (
				CD01709A28BE506D00E894F6 /* Debug */,
				CD01709B28BE506D00E894F6 /* Release */,
			);
			defaultConfigurationIsVisible = 0;
			defaultConfigurationName = Release;
		};
/* End XCConfigurationList section */

/* Begin XCSwiftPackageProductDependency section */
		CD0170A528BE51E100E894F6 /* Inspire */ = {
			isa = XCSwiftPackageProductDependency;
			productName = Inspire;
		};
/* End XCSwiftPackageProductDependency section */
	};
	rootObject = CD01707D28BE506C00E894F6 /* Project object */;
}
